
Microsoft Visual Studio Solution File, Format Version 12.00
# Visual Studio Version 17
VisualStudioVersion = 17.10.35122.118
MinimumVisualStudioVersion = 10.0.40219.1
Project("{9A19103F-16F7-4668-BE54-9A1E7A4F7556}") = "CleanArchitecture.Advanced.Api", "CleanArchitecture.Advanced.Api\CleanArchitecture.Advanced.Api.csproj", "{9A4C66CE-404D-453A-8483-818BE2F2C0A4}"
EndProject
Project("{9A19103F-16F7-4668-BE54-9A1E7A4F7556}") = "CleanArchitecture.Advanced.Client", "CleanArchitecture.Advanced.Client\CleanArchitecture.Advanced.Client.csproj", "{391F0EA6-8640-430A-9928-BFB445F35D1F}"
EndProject
Project("{9A19103F-16F7-4668-BE54-9A1E7A4F7556}") = "CleanArchitecture.Advanced.Common", "CleanArchitecture.Advanced.Common\CleanArchitecture.Advanced.Common.csproj", "{B0021056-D580-4B8C-A0FF-2EA8DB4EE408}"
EndProject
Global
	GlobalSection(SolutionConfigurationPlatforms) = preSolution
		Debug|Any CPU = Debug|Any CPU
		Release|Any CPU = Release|Any CPU
	EndGlobalSection
	GlobalSection(ProjectConfigurationPlatforms) = postSolution
		{9A4C66CE-404D-453A-8483-818BE2F2C0A4}.Debug|Any CPU.ActiveCfg = Debug|Any CPU
		{9A4C66CE-404D-453A-8483-818BE2F2C0A4}.Debug|Any CPU.Build.0 = Debug|Any CPU
		{9A4C66CE-404D-453A-8483-818BE2F2C0A4}.Release|Any CPU.ActiveCfg = Release|Any CPU
		{9A4C66CE-404D-453A-8483-818BE2F2C0A4}.Release|Any CPU.Build.0 = Release|Any CPU
		{391F0EA6-8640-430A-9928-BFB445F35D1F}.Debug|Any CPU.ActiveCfg = Debug|Any CPU
		{391F0EA6-8640-430A-9928-BFB445F35D1F}.Debug|Any CPU.Build.0 = Debug|Any CPU
		{391F0EA6-8640-430A-9928-BFB445F35D1F}.Release|Any CPU.ActiveCfg = Release|Any CPU
		{391F0EA6-8640-430A-9928-BFB445F35D1F}.Release|Any CPU.Build.0 = Release|Any CPU
		{B0021056-D580-4B8C-A0FF-2EA8DB4EE408}.Debug|Any CPU.ActiveCfg = Debug|Any CPU
		{B0021056-D580-4B8C-A0FF-2EA8DB4EE408}.Debug|Any CPU.Build.0 = Debug|Any CPU
		{B0021056-D580-4B8C-A0FF-2EA8DB4EE408}.Release|Any CPU.ActiveCfg = Release|Any CPU
		{B0021056-D580-4B8C-A0FF-2EA8DB4EE408}.Release|Any CPU.Build.0 = Release|Any CPU
	EndGlobalSection
	GlobalSection(SolutionProperties) = preSolution
		HideSolutionNode = FALSE
	EndGlobalSection
	GlobalSection(ExtensibilityGlobals) = postSolution
		SolutionGuid = {5C9510E1-7687-4742-8477-B4EB8BA23A32}
	EndGlobalSection
EndGlobal
